{
  "name": "rockpaperscissors",
  "version": "1.0.0",
  "lockfileVersion": 2,
  "requires": true,
  "packages": {
    "": {
      "version": "1.0.0",
      "license": "ISC",
      "dependencies": {
        "-": "0.0.1",
        "@openzeppelin/contracts": "^3.3.0"
      }
    },
    "node_modules/-": {
      "version": "0.0.1",
      "resolved": "https://registry.npmjs.org/-/-/--0.0.1.tgz",
      "integrity": "sha512-3HfneK3DGAm05fpyj20sT3apkNcvPpCuccOThOPdzz8sY7GgQGe0l93XH9bt+YzibcTIgUAIMoyVJI740RtgyQ=="
    },
    "node_modules/@openzeppelin/contracts": {
      "version": "3.4.1",
      "resolved": "https://registry.npmjs.org/@openzeppelin/contracts/-/contracts-3.4.1.tgz",
      "integrity": "sha512-cUriqMauq1ylzP2TxePNdPqkwI7Le3Annh4K9rrpvKfSBB/bdW+Iu1ihBaTIABTAAJ85LmKL5SSPPL9ry8d1gQ=="
    }
  },
  "dependencies": {
    "-": {
      "version": "0.0.1",
      "resolved": "https://registry.npmjs.org/-/-/--0.0.1.tgz",
      "integrity": "sha512-3HfneK3DGAm05fpyj20sT3apkNcvPpCuccOThOPdzz8sY7GgQGe0l93XH9bt+YzibcTIgUAIMoyVJI740RtgyQ=="
    },
    "@openzeppelin/contracts": {
      "version": "3.4.1",
      "resolved": "https://registry.npmjs.org/@openzeppelin/contracts/-/contracts-3.4.1.tgz",
      "integrity": "sha512-cUriqMauq1ylzP2TxePNdPqkwI7Le3Annh4K9rrpvKfSBB/bdW+Iu1ihBaTIABTAAJ85LmKL5SSPPL9ry8d1gQ=="
    }
  }
}
